
Microsoft Visual Studio Solution File, Format Version 12.00
# Visual Studio 15
VisualStudioVersion = 15.0.28307.705
MinimumVisualStudioVersion = 10.0.40219.1
Project("{FAE04EC0-301F-11D3-BF4B-00C04F79EFBC}") = "Practice_Algorithm", "Practice_Algorithm\Practice_Algorithm.csproj", "{D2125AFF-E5CE-4E5B-93D2-8A2559E46AC4}"
EndProject
Global
	GlobalSection(SolutionConfigurationPlatforms) = preSolution
		Debug|Any CPU = Debug|Any CPU
		Release|Any CPU = Release|Any CPU
	EndGlobalSection
	GlobalSection(ProjectConfigurationPlatforms) = postSolution
		{D2125AFF-E5CE-4E5B-93D2-8A2559E46AC4}.Debug|Any CPU.ActiveCfg = Debug|Any CPU
		{D2125AFF-E5CE-4E5B-93D2-8A2559E46AC4}.Debug|Any CPU.Build.0 = Debug|Any CPU
		{D2125AFF-E5CE-4E5B-93D2-8A2559E46AC4}.Release|Any CPU.ActiveCfg = Release|Any CPU
		{D2125AFF-E5CE-4E5B-93D2-8A2559E46AC4}.Release|Any CPU.Build.0 = Release|Any CPU
	EndGlobalSection
	GlobalSection(SolutionProperties) = preSolution
		HideSolutionNode = FALSE
	EndGlobalSection
	GlobalSection(ExtensibilityGlobals) = postSolution
		SolutionGuid = {AC1C8BB6-944D-4490-B5E9-3A03D7DCA375}
	EndGlobalSection
EndGlobal
